
Microsoft Visual Studio Solution File, Format Version 12.00
# Visual Studio 14
VisualStudioVersion = 14.0.23107.0
MinimumVisualStudioVersion = 10.0.40219.1
Project("{8BC9CEB8-8B4A-11D0-8D11-00A0C91BC942}") = "Iterators", "Iterators\Iterators.vcxproj", "{2975D5F6-1E7D-4431-BE54-A933C955F339}"
EndProject
Project("{8BC9CEB8-8B4A-11D0-8D11-00A0C91BC942}") = "Insertion Sort", "Insertion Sort\Insertion Sort.vcxproj", "{CAD36C74-2AC6-416D-B82F-BA1A90D9DDE0}"
EndProject
Project("{8BC9CEB8-8B4A-11D0-8D11-00A0C91BC942}") = "Stack Implementation", "Stack Implementation\Stack Implementation.vcxproj", "{1E5EEA1C-E359-4B55-92B7-9B59D0FA6C4E}"
EndProject
Project("{8BC9CEB8-8B4A-11D0-8D11-00A0C91BC942}") = "Arrays and Strings", "Project1\Project1.vcxproj", "{7722F4A6-E4FF-449D-888C-B91288569579}"
EndProject
Project("{8BC9CEB8-8B4A-11D0-8D11-00A0C91BC942}") = "BinarySearch", "BinarySearch\BinarySearch.vcxproj", "{4F9836CC-D94C-400C-AB6E-57179D066970}"
EndProject
Project("{8BC9CEB8-8B4A-11D0-8D11-00A0C91BC942}") = "Reverse a String", "Reverse a String\Reverse a String.vcxproj", "{222DF37C-2EEC-4196-8E10-D1ED1FAC04D4}"
EndProject
Project("{8BC9CEB8-8B4A-11D0-8D11-00A0C91BC942}") = "Reverse polish Notation", "Reverse polish Notation\Reverse polish Notation.vcxproj", "{60755F50-3124-4A6A-A1C7-8E756EB8A02D}"
EndProject
Project("{8BC9CEB8-8B4A-11D0-8D11-00A0C91BC942}") = "Longest Palindromic Substring", "Longest Palindromic Substring\Longest Palindromic Substring.vcxproj", "{88EFB2DE-E965-434D-9556-F72E4B4EFB0F}"
EndProject
Project("{8BC9CEB8-8B4A-11D0-8D11-00A0C91BC942}") = "Linked List", "Linked List\Linked List.vcxproj", "{681CD1A6-9A06-4788-8C17-90DDBDD07D9A}"
EndProject
Project("{8BC9CEB8-8B4A-11D0-8D11-00A0C91BC942}") = "Palindrome of a number", "Palindrome of a number\Palindrome of a number.vcxproj", "{97342BA7-E2BF-4109-AEB1-2E17E7D22644}"
EndProject
Project("{8BC9CEB8-8B4A-11D0-8D11-00A0C91BC942}") = "String Palindrome", "String Palindrome\String Palindrome.vcxproj", "{B333AE41-EDE9-4B5E-A4D7-12A61729185B}"
EndProject
Global
	GlobalSection(SolutionConfigurationPlatforms) = preSolution
		Debug|x64 = Debug|x64
		Debug|x86 = Debug|x86
		Release|x64 = Release|x64
		Release|x86 = Release|x86
	EndGlobalSection
	GlobalSection(ProjectConfigurationPlatforms) = postSolution
		{2975D5F6-1E7D-4431-BE54-A933C955F339}.Debug|x64.ActiveCfg = Debug|x64
		{2975D5F6-1E7D-4431-BE54-A933C955F339}.Debug|x64.Build.0 = Debug|x64
		{2975D5F6-1E7D-4431-BE54-A933C955F339}.Debug|x86.ActiveCfg = Debug|Win32
		{2975D5F6-1E7D-4431-BE54-A933C955F339}.Debug|x86.Build.0 = Debug|Win32
		{2975D5F6-1E7D-4431-BE54-A933C955F339}.Release|x64.ActiveCfg = Release|x64
		{2975D5F6-1E7D-4431-BE54-A933C955F339}.Release|x64.Build.0 = Release|x64
		{2975D5F6-1E7D-4431-BE54-A933C955F339}.Release|x86.ActiveCfg = Release|Win32
		{2975D5F6-1E7D-4431-BE54-A933C955F339}.Release|x86.Build.0 = Release|Win32
		{CAD36C74-2AC6-416D-B82F-BA1A90D9DDE0}.Debug|x64.ActiveCfg = Debug|x64
		{CAD36C74-2AC6-416D-B82F-BA1A90D9DDE0}.Debug|x64.Build.0 = Debug|x64
		{CAD36C74-2AC6-416D-B82F-BA1A90D9DDE0}.Debug|x86.ActiveCfg = Debug|Win32
		{CAD36C74-2AC6-416D-B82F-BA1A90D9DDE0}.Debug|x86.Build.0 = Debug|Win32
		{CAD36C74-2AC6-416D-B82F-BA1A90D9DDE0}.Release|x64.ActiveCfg = Release|x64
		{CAD36C74-2AC6-416D-B82F-BA1A90D9DDE0}.Release|x64.Build.0 = Release|x64
		{CAD36C74-2AC6-416D-B82F-BA1A90D9DDE0}.Release|x86.ActiveCfg = Release|Win32
		{CAD36C74-2AC6-416D-B82F-BA1A90D9DDE0}.Release|x86.Build.0 = Release|Win32
		{1E5EEA1C-E359-4B55-92B7-9B59D0FA6C4E}.Debug|x64.ActiveCfg = Debug|x64
		{1E5EEA1C-E359-4B55-92B7-9B59D0FA6C4E}.Debug|x64.Build.0 = Debug|x64
		{1E5EEA1C-E359-4B55-92B7-9B59D0FA6C4E}.Debug|x86.ActiveCfg = Debug|Win32
		{1E5EEA1C-E359-4B55-92B7-9B59D0FA6C4E}.Debug|x86.Build.0 = Debug|Win32
		{1E5EEA1C-E359-4B55-92B7-9B59D0FA6C4E}.Release|x64.ActiveCfg = Release|x64
		{1E5EEA1C-E359-4B55-92B7-9B59D0FA6C4E}.Release|x64.Build.0 = Release|x64
		{1E5EEA1C-E359-4B55-92B7-9B59D0FA6C4E}.Release|x86.ActiveCfg = Release|Win32
		{1E5EEA1C-E359-4B55-92B7-9B59D0FA6C4E}.Release|x86.Build.0 = Release|Win32
		{7722F4A6-E4FF-449D-888C-B91288569579}.Debug|x64.ActiveCfg = Debug|x64
		{7722F4A6-E4FF-449D-888C-B91288569579}.Debug|x64.Build.0 = Debug|x64
		{7722F4A6-E4FF-449D-888C-B91288569579}.Debug|x86.ActiveCfg = Debug|Win32
		{7722F4A6-E4FF-449D-888C-B91288569579}.Debug|x86.Build.0 = Debug|Win32
		{7722F4A6-E4FF-449D-888C-B91288569579}.Release|x64.ActiveCfg = Release|x64
		{7722F4A6-E4FF-449D-888C-B91288569579}.Release|x64.Build.0 = Release|x64
		{7722F4A6-E4FF-449D-888C-B91288569579}.Release|x86.ActiveCfg = Release|Win32
		{7722F4A6-E4FF-449D-888C-B91288569579}.Release|x86.Build.0 = Release|Win32
		{4F9836CC-D94C-400C-AB6E-57179D066970}.Debug|x64.ActiveCfg = Debug|x64
		{4F9836CC-D94C-400C-AB6E-57179D066970}.Debug|x64.Build.0 = Debug|x64
		{4F9836CC-D94C-400C-AB6E-57179D066970}.Debug|x86.ActiveCfg = Debug|Win32
		{4F9836CC-D94C-400C-AB6E-57179D066970}.Debug|x86.Build.0 = Debug|Win32
		{4F9836CC-D94C-400C-AB6E-57179D066970}.Release|x64.ActiveCfg = Release|x64
		{4F9836CC-D94C-400C-AB6E-57179D066970}.Release|x64.Build.0 = Release|x64
		{4F9836CC-D94C-400C-AB6E-57179D066970}.Release|x86.ActiveCfg = Release|Win32
		{4F9836CC-D94C-400C-AB6E-57179D066970}.Release|x86.Build.0 = Release|Win32
		{222DF37C-2EEC-4196-8E10-D1ED1FAC04D4}.Debug|x64.ActiveCfg = Debug|x64
		{222DF37C-2EEC-4196-8E10-D1ED1FAC04D4}.Debug|x64.Build.0 = Debug|x64
		{222DF37C-2EEC-4196-8E10-D1ED1FAC04D4}.Debug|x86.ActiveCfg = Debug|Win32
		{222DF37C-2EEC-4196-8E10-D1ED1FAC04D4}.Debug|x86.Build.0 = Debug|Win32
		{222DF37C-2EEC-4196-8E10-D1ED1FAC04D4}.Release|x64.ActiveCfg = Release|x64
		{222DF37C-2EEC-4196-8E10-D1ED1FAC04D4}.Release|x64.Build.0 = Release|x64
		{222DF37C-2EEC-4196-8E10-D1ED1FAC04D4}.Release|x86.ActiveCfg = Release|Win32
		{222DF37C-2EEC-4196-8E10-D1ED1FAC04D4}.Release|x86.Build.0 = Release|Win32
		{60755F50-3124-4A6A-A1C7-8E756EB8A02D}.Debug|x64.ActiveCfg = Debug|x64
		{60755F50-3124-4A6A-A1C7-8E756EB8A02D}.Debug|x64.Build.0 = Debug|x64
		{60755F50-3124-4A6A-A1C7-8E756EB8A02D}.Debug|x86.ActiveCfg = Debug|Win32
		{60755F50-3124-4A6A-A1C7-8E756EB8A02D}.Debug|x86.Build.0 = Debug|Win32
		{60755F50-3124-4A6A-A1C7-8E756EB8A02D}.Release|x64.ActiveCfg = Release|x64
		{60755F50-3124-4A6A-A1C7-8E756EB8A02D}.Release|x64.Build.0 = Release|x64
		{60755F50-3124-4A6A-A1C7-8E756EB8A02D}.Release|x86.ActiveCfg = Release|Win32
		{60755F50-3124-4A6A-A1C7-8E756EB8A02D}.Release|x86.Build.0 = Release|Win32
		{88EFB2DE-E965-434D-9556-F72E4B4EFB0F}.Debug|x64.ActiveCfg = Debug|x64
		{88EFB2DE-E965-434D-9556-F72E4B4EFB0F}.Debug|x64.Build.0 = Debug|x64
		{88EFB2DE-E965-434D-9556-F72E4B4EFB0F}.Debug|x86.ActiveCfg = Debug|Win32
		{88EFB2DE-E965-434D-9556-F72E4B4EFB0F}.Debug|x86.Build.0 = Debug|Win32
		{88EFB2DE-E965-434D-9556-F72E4B4EFB0F}.Release|x64.ActiveCfg = Release|x64
		{88EFB2DE-E965-434D-9556-F72E4B4EFB0F}.Release|x64.Build.0 = Release|x64
		{88EFB2DE-E965-434D-9556-F72E4B4EFB0F}.Release|x86.ActiveCfg = Release|Win32
		{88EFB2DE-E965-434D-9556-F72E4B4EFB0F}.Release|x86.Build.0 = Release|Win32
		{681CD1A6-9A06-4788-8C17-90DDBDD07D9A}.Debug|x64.ActiveCfg = Debug|x64
		{681CD1A6-9A06-4788-8C17-90DDBDD07D9A}.Debug|x64.Build.0 = Debug|x64
		{681CD1A6-9A06-4788-8C17-90DDBDD07D9A}.Debug|x86.ActiveCfg = Debug|Win32
		{681CD1A6-9A06-4788-8C17-90DDBDD07D9A}.Debug|x86.Build.0 = Debug|Win32
		{681CD1A6-9A06-4788-8C17-90DDBDD07D9A}.Release|x64.ActiveCfg = Release|x64
		{681CD1A6-9A06-4788-8C17-90DDBDD07D9A}.Release|x64.Build.0 = Release|x64
		{681CD1A6-9A06-4788-8C17-90DDBDD07D9A}.Release|x86.ActiveCfg = Release|Win32
		{681CD1A6-9A06-4788-8C17-90DDBDD07D9A}.Release|x86.Build.0 = Release|Win32
		{97342BA7-E2BF-4109-AEB1-2E17E7D22644}.Debug|x64.ActiveCfg = Debug|x64
		{97342BA7-E2BF-4109-AEB1-2E17E7D22644}.Debug|x64.Build.0 = Debug|x64
		{97342BA7-E2BF-4109-AEB1-2E17E7D22644}.Debug|x86.ActiveCfg = Debug|Win32
		{97342BA7-E2BF-4109-AEB1-2E17E7D22644}.Debug|x86.Build.0 = Debug|Win32
		{97342BA7-E2BF-4109-AEB1-2E17E7D22644}.Release|x64.ActiveCfg = Release|x64
		{97342BA7-E2BF-4109-AEB1-2E17E7D22644}.Release|x64.Build.0 = Release|x64
		{97342BA7-E2BF-4109-AEB1-2E17E7D22644}.Release|x86.ActiveCfg = Release|Win32
		{97342BA7-E2BF-4109-AEB1-2E17E7D22644}.Release|x86.Build.0 = Release|Win32
		{B333AE41-EDE9-4B5E-A4D7-12A61729185B}.Debug|x64.ActiveCfg = Debug|x64
		{B333AE41-EDE9-4B5E-A4D7-12A61729185B}.Debug|x64.Build.0 = Debug|x64
		{B333AE41-EDE9-4B5E-A4D7-12A61729185B}.Debug|x86.ActiveCfg = Debug|Win32
		{B333AE41-EDE9-4B5E-A4D7-12A61729185B}.Debug|x86.Build.0 = Debug|Win32
		{B333AE41-EDE9-4B5E-A4D7-12A61729185B}.Release|x64.ActiveCfg = Release|x64
		{B333AE41-EDE9-4B5E-A4D7-12A61729185B}.Release|x64.Build.0 = Release|x64
		{B333AE41-EDE9-4B5E-A4D7-12A61729185B}.Release|x86.ActiveCfg = Release|Win32
		{B333AE41-EDE9-4B5E-A4D7-12A61729185B}.Release|x86.Build.0 = Release|Win32
	EndGlobalSection
	GlobalSection(SolutionProperties) = preSolution
		HideSolutionNode = FALSE
	EndGlobalSection
EndGlobal
